<?xml version="1.0" encoding="utf-8"?>
<Project ToolsVersion="4.0" xmlns="http://schemas.microsoft.com/developer/msbuild/2003">
  <ItemGroup>
    <Filter Include="Source Files">
      <UniqueIdentifier>{4FC737F1-C7A5-4376-A066-2A32D752A2FF}</UniqueIdentifier>
      <Extensions>cpp;c;cc;cxx;def;odl;idl;hpj;bat;asm;asmx</Extensions>
    </Filter>
    <Filter Include="Header Files">
      <UniqueIdentifier>{93995380-89BD-4b04-88EB-625FBE52EBFB}</UniqueIdentifier>
      <Extensions>h;hpp;hxx;hm;inl;inc;xsd</Extensions>
    </Filter>
    <Filter Include="Resource Files">
      <UniqueIdentifier>{67DA6AB6-F800-4c08-8B7A-83BB121AAD01}</UniqueIdentifier>
      <Extensions>rc;ico;cur;bmp;dlg;rc2;rct;bin;rgs;gif;jpg;jpeg;jpe;resx;tiff;tif;png;wav;mfcribbon-ms</Extensions>
    </Filter>
  </ItemGroup>
  <ItemGroup>
    <ClInclude Include="..\include\emmc.h">
      <Filter>Header Files</Filter>
    </ClInclude>
    <ClInclude Include="..\include\framebuffer.h">
      <Filter>Header Files</Filter>
    </ClInclude>
    <ClInclude Include="..\include\gpio.h">
      <Filter>Header Files</Filter>
    </ClInclude>
    <ClInclude Include="..\include\interrupts.h">
      <Filter>Header Files</Filter>
    </ClInclude>
    <ClInclude Include="..\include\keyboard.h">
      <Filter>Header Files</Filter>
    </ClInclude>
    <ClInclude Include="..\include\mailbox.h">
      <Filter>Header Files</Filter>
    </ClInclude>
    <ClInclude Include="..\include\mmio.h">
      <Filter>Header Files</Filter>
    </ClInclude>
    <ClInclude Include="..\include\myfont.h">
      <Filter>Header Files</Filter>
    </ClInclude>
    <ClInclude Include="..\include\stdio.h">
      <Filter>Header Files</Filter>
    </ClInclude>
    <ClInclude Include="..\include\stringutil.h">
      <Filter>Header Files</Filter>
    </ClInclude>
    <ClInclude Include="..\include\terminal.h">
      <Filter>Header Files</Filter>
    </ClInclude>
    <ClInclude Include="..\include\terminal_commands.h">
      <Filter>Header Files</Filter>
    </ClInclude>
    <ClInclude Include="..\include\timer.h">
      <Filter>Header Files</Filter>
    </ClInclude>
    <ClInclude Include="..\include\uart.h">
      <Filter>Header Files</Filter>
    </ClInclude>
    <ClInclude Include="..\include\fat32.h">
      <Filter>Header Files</Filter>
    </ClInclude>
    <ClInclude Include="..\include\utilities.h">
      <Filter>Header Files</Filter>
    </ClInclude>
  </ItemGroup>
  <ItemGroup>
    <CustomBuild Include="..\source\main.c">
      <Filter>Source Files</Filter>
    </CustomBuild>
  </ItemGroup>
  <ItemGroup>
    <Text Include="..\source\emmc.c">
      <Filter>Source Files</Filter>
    </Text>
    <Text Include="..\source\fat32.c">
      <Filter>Source Files</Filter>
    </Text>
    <Text Include="..\source\framebuffer.c">
      <Filter>Source Files</Filter>
    </Text>
    <Text Include="..\source\gpio.c">
      <Filter>Source Files</Filter>
    </Text>
    <Text Include="..\source\interrupts.c">
      <Filter>Source Files</Filter>
    </Text>
    <Text Include="..\source\keyboard.c">
      <Filter>Source Files</Filter>
    </Text>
    <Text Include="..\source\mailbox.c">
      <Filter>Source Files</Filter>
    </Text>
    <Text Include="..\source\start.s">
      <Filter>Source Files</Filter>
    </Text>
    <Text Include="..\source\stdio.c">
      <Filter>Source Files</Filter>
    </Text>
    <Text Include="..\source\stringutil.c">
      <Filter>Source Files</Filter>
    </Text>
    <Text Include="..\source\terminal.c">
      <Filter>Source Files</Filter>
    </Text>
    <Text Include="..\source\terminal_commands.c">
      <Filter>Source Files</Filter>
    </Text>
    <Text Include="..\source\timer.c">
      <Filter>Source Files</Filter>
    </Text>
    <Text Include="..\source\uart.c">
      <Filter>Source Files</Filter>
    </Text>
  </ItemGroup>
  <ItemGroup>
    <ClCompile Include="..\source\platform.c">
      <Filter>Source Files</Filter>
    </ClCompile>
  </ItemGroup>
</Project>