<?xml version="1.0" encoding="utf-8"?>
<Project ToolsVersion="4.0" xmlns="http://schemas.microsoft.com/developer/msbuild/2003">
  <ItemGroup>
    <Filter Include="Source Files">
      <UniqueIdentifier>{4FC737F1-C7A5-4376-A066-2A32D752A2FF}</UniqueIdentifier>
      <Extensions>cpp;c;cc;cxx;def;odl;idl;hpj;bat;asm;asmx</Extensions>
    </Filter>
    <Filter Include="Header Files">
      <UniqueIdentifier>{93995380-89BD-4b04-88EB-625FBE52EBFB}</UniqueIdentifier>
      <Extensions>h;hh;hpp;hxx;hm;inl;inc;xsd</Extensions>
    </Filter>
    <Filter Include="Resource Files">
      <UniqueIdentifier>{67DA6AB6-F800-4c08-8B7A-83BB121AAD01}</UniqueIdentifier>
      <Extensions>rc;ico;cur;bmp;dlg;rc2;rct;bin;rgs;gif;jpg;jpeg;jpe;resx;tiff;tif;png;wav;mfcribbon-ms</Extensions>
    </Filter>
    <Filter Include="Header Files\fs">
      <UniqueIdentifier>{d18ef4d9-1e41-4ade-bf92-3e8d83f6cb63}</UniqueIdentifier>
    </Filter>
    <Filter Include="Header Files\hardware">
      <UniqueIdentifier>{243fbb03-099d-4a45-9db5-862763b3618f}</UniqueIdentifier>
    </Filter>
    <Filter Include="Header Files\util">
      <UniqueIdentifier>{da8fb55e-61b9-4140-95df-19ac3bc7ecc1}</UniqueIdentifier>
    </Filter>
    <Filter Include="Source Files\util">
      <UniqueIdentifier>{808f5124-ce93-41e2-a922-7dfa917bdceb}</UniqueIdentifier>
    </Filter>
    <Filter Include="Source Files\hardware">
      <UniqueIdentifier>{efc8aa51-7cc2-495e-8f1c-aea3ab8357d7}</UniqueIdentifier>
    </Filter>
    <Filter Include="Source Files\fs">
      <UniqueIdentifier>{42091e25-d349-4809-a4ac-9a1d0c93fa3d}</UniqueIdentifier>
    </Filter>
    <Filter Include="Header Files\types">
      <UniqueIdentifier>{a4ac3e36-3fc8-4f13-92bc-6fb44daf3544}</UniqueIdentifier>
    </Filter>
    <Filter Include="Source Files\types">
      <UniqueIdentifier>{cf523b7c-5030-43cf-8bc4-b48ee425ca19}</UniqueIdentifier>
    </Filter>
  </ItemGroup>
  <ItemGroup>
    <Text Include="readme.txt" />
  </ItemGroup>
  <ItemGroup>
    <ClInclude Include="..\include\memory.h">
      <Filter>Header Files</Filter>
    </ClInclude>
    <ClInclude Include="..\include\myfont.h">
      <Filter>Header Files</Filter>
    </ClInclude>
    <ClInclude Include="..\include\terminal.h">
      <Filter>Header Files</Filter>
    </ClInclude>
    <ClInclude Include="..\include\task.h">
      <Filter>Header Files</Filter>
    </ClInclude>
    <ClInclude Include="..\include\taskScheduler.h">
      <Filter>Header Files</Filter>
    </ClInclude>
    <ClInclude Include="..\include\debugging.h">
      <Filter>Header Files</Filter>
    </ClInclude>
    <ClInclude Include="..\include\interruptHandlers.h">
      <Filter>Header Files</Filter>
    </ClInclude>
    <ClInclude Include="..\include\hardware\emmc.h">
      <Filter>Header Files\hardware</Filter>
    </ClInclude>
    <ClInclude Include="..\include\hardware\framebuffer.h">
      <Filter>Header Files\hardware</Filter>
    </ClInclude>
    <ClInclude Include="..\include\hardware\gpio.h">
      <Filter>Header Files\hardware</Filter>
    </ClInclude>
    <ClInclude Include="..\include\hardware\interrupts.h">
      <Filter>Header Files\hardware</Filter>
    </ClInclude>
    <ClInclude Include="..\include\hardware\keyboard.h">
      <Filter>Header Files\hardware</Filter>
    </ClInclude>
    <ClInclude Include="..\include\hardware\mailbox.h">
      <Filter>Header Files\hardware</Filter>
    </ClInclude>
    <ClInclude Include="..\include\hardware\mmu.h">
      <Filter>Header Files\hardware</Filter>
    </ClInclude>
    <ClInclude Include="..\include\hardware\timer.h">
      <Filter>Header Files\hardware</Filter>
    </ClInclude>
    <ClInclude Include="..\include\hardware\uart.h">
      <Filter>Header Files\hardware</Filter>
    </ClInclude>
    <ClInclude Include="..\include\fs\fat32.h">
      <Filter>Header Files\fs</Filter>
    </ClInclude>
    <ClInclude Include="..\include\util\utilities.h">
      <Filter>Header Files\util</Filter>
    </ClInclude>
    <ClInclude Include="..\include\util\mmio.h">
      <Filter>Header Files\util</Filter>
    </ClInclude>
    <ClInclude Include="..\include\hardware\miniUart.h">
      <Filter>Header Files\hardware</Filter>
    </ClInclude>
    <ClInclude Include="..\include\terminalCommands.h">
      <Filter>Header Files</Filter>
    </ClInclude>
    <ClInclude Include="..\include\types\queue.h">
      <Filter>Header Files\types</Filter>
    </ClInclude>
    <ClInclude Include="..\include\types\string.h">
      <Filter>Header Files\types</Filter>
    </ClInclude>
    <ClInclude Include="..\include\types\types.h">
      <Filter>Header Files\types</Filter>
    </ClInclude>
  </ItemGroup>
  <ItemGroup>
    <ClCompile Include="..\source\main.c">
      <Filter>Source Files</Filter>
    </ClCompile>
    <ClCompile Include="..\source\memory.c">
      <Filter>Source Files</Filter>
    </ClCompile>
    <ClCompile Include="..\source\terminal.c">
      <Filter>Source Files</Filter>
    </ClCompile>
    <ClCompile Include="..\source\task.c">
      <Filter>Source Files</Filter>
    </ClCompile>
    <ClCompile Include="..\source\taskScheduler.c">
      <Filter>Source Files</Filter>
    </ClCompile>
    <ClCompile Include="..\source\debugging.c">
      <Filter>Source Files</Filter>
    </ClCompile>
    <ClCompile Include="..\source\interruptHandlers.c">
      <Filter>Source Files</Filter>
    </ClCompile>
    <ClCompile Include="..\source\fs\fat32.c">
      <Filter>Source Files\fs</Filter>
    </ClCompile>
    <ClCompile Include="..\source\hardware\emmc.c">
      <Filter>Source Files\hardware</Filter>
    </ClCompile>
    <ClCompile Include="..\source\hardware\framebuffer.c">
      <Filter>Source Files\hardware</Filter>
    </ClCompile>
    <ClCompile Include="..\source\hardware\interrupts.c">
      <Filter>Source Files\hardware</Filter>
    </ClCompile>
    <ClCompile Include="..\source\hardware\mailbox.c">
      <Filter>Source Files\hardware</Filter>
    </ClCompile>
    <ClCompile Include="..\source\hardware\mmu.c">
      <Filter>Source Files\hardware</Filter>
    </ClCompile>
    <ClCompile Include="..\source\hardware\uart.c">
      <Filter>Source Files\hardware</Filter>
    </ClCompile>
    <ClCompile Include="..\source\hardware\timer.c">
      <Filter>Source Files\hardware</Filter>
    </ClCompile>
    <ClCompile Include="..\source\hardware\keyboard.c">
      <Filter>Source Files\hardware</Filter>
    </ClCompile>
    <ClCompile Include="..\source\hardware\gpio.c">
      <Filter>Source Files\hardware</Filter>
    </ClCompile>
    <ClCompile Include="..\source\util\utilities.c">
      <Filter>Source Files\util</Filter>
    </ClCompile>
    <ClCompile Include="..\source\platform.c">
      <Filter>Source Files\hardware</Filter>
    </ClCompile>
    <ClCompile Include="..\source\terminalCommands.c">
      <Filter>Source Files</Filter>
    </ClCompile>
    <ClCompile Include="..\source\hardware\miniUart.c">
      <Filter>Source Files\hardware</Filter>
    </ClCompile>
    <ClCompile Include="..\source\types\queue.c">
      <Filter>Source Files\types</Filter>
    </ClCompile>
    <ClCompile Include="..\source\types\string.c">
      <Filter>Source Files\types</Filter>
    </ClCompile>
  </ItemGroup>
  <ItemGroup>
    <None Include="..\source\start.s">
      <Filter>Source Files</Filter>
    </None>
  </ItemGroup>
</Project>